
Microsoft Visual Studio Solution File, Format Version 12.00
# Visual Studio Version 17
VisualStudioVersion = 17.0.31903.59
MinimumVisualStudioVersion = 10.0.40219.1
Project("{FAE04EC0-301F-11D3-BF4B-00C04F79EFBC}") = "MathVenture", "src\MathVenture.csproj", "{C0EA953C-9204-4035-940C-D32AE58646FF}"
EndProject
Project("{FAE04EC0-301F-11D3-BF4B-00C04F79EFBC}") = "test", "test\test.csproj", "{3B7FD8E2-1D4E-4B5D-A4BD-01497BAB886E}"
EndProject
Project("{FAE04EC0-301F-11D3-BF4B-00C04F79EFBC}") = "bench", "bench\bench.csproj", "{BBD349E3-727E-447D-BC08-CD96D27ADA27}"
EndProject
Global
	GlobalSection(SolutionConfigurationPlatforms) = preSolution
		Debug|Any CPU = Debug|Any CPU
		Release|Any CPU = Release|Any CPU
	EndGlobalSection
	GlobalSection(SolutionProperties) = preSolution
		HideSolutionNode = FALSE
	EndGlobalSection
	GlobalSection(ProjectConfigurationPlatforms) = postSolution
		{C0EA953C-9204-4035-940C-D32AE58646FF}.Debug|Any CPU.ActiveCfg = Debug|Any CPU
		{C0EA953C-9204-4035-940C-D32AE58646FF}.Debug|Any CPU.Build.0 = Debug|Any CPU
		{C0EA953C-9204-4035-940C-D32AE58646FF}.Release|Any CPU.ActiveCfg = Release|Any CPU
		{C0EA953C-9204-4035-940C-D32AE58646FF}.Release|Any CPU.Build.0 = Release|Any CPU
		{3B7FD8E2-1D4E-4B5D-A4BD-01497BAB886E}.Debug|Any CPU.ActiveCfg = Debug|Any CPU
		{3B7FD8E2-1D4E-4B5D-A4BD-01497BAB886E}.Debug|Any CPU.Build.0 = Debug|Any CPU
		{3B7FD8E2-1D4E-4B5D-A4BD-01497BAB886E}.Release|Any CPU.ActiveCfg = Release|Any CPU
		{3B7FD8E2-1D4E-4B5D-A4BD-01497BAB886E}.Release|Any CPU.Build.0 = Release|Any CPU
		{BBD349E3-727E-447D-BC08-CD96D27ADA27}.Debug|Any CPU.ActiveCfg = Debug|Any CPU
		{BBD349E3-727E-447D-BC08-CD96D27ADA27}.Debug|Any CPU.Build.0 = Debug|Any CPU
		{BBD349E3-727E-447D-BC08-CD96D27ADA27}.Release|Any CPU.ActiveCfg = Release|Any CPU
		{BBD349E3-727E-447D-BC08-CD96D27ADA27}.Release|Any CPU.Build.0 = Release|Any CPU
	EndGlobalSection
EndGlobal
